[[package]]
name = "art"
version = "6.1"
description = "ASCII Art Library For Python"
category = "main"
optional = false
python-versions = ">=3.5"

[package.extras]
dev = ["coverage (>=4.1)", "vulture (>=1.0)", "bandit (>=1.5.1)", "pydocstyle (>=3.0.0)"]

[[package]]
name = "logo"
version = "1.0.0"
description = ""
category = "main"
optional = false
python-versions = "*"

[metadata]
lock-version = "1.1"
python-versions = "^3.8"
content-hash = "aaf8cc1da88d08982df7f5ee73c4a5c11649d8135c3d395fabee37f53ec3885d"

[metadata.files]
art = []
logo = []
